
Microsoft Visual Studio Solution File, Format Version 12.00
# Visual Studio Version 17
VisualStudioVersion = 17.8.34601.278
MinimumVisualStudioVersion = 10.0.40219.1
Project("{FAE04EC0-301F-11D3-BF4B-00C04F79EFBC}") = "MyCADUI", "MyCADUI\MyCADUI.csproj", "{BFF7C63C-3306-49FC-A435-9F8AC0DE001E}"
EndProject
Project("{FAE04EC0-301F-11D3-BF4B-00C04F79EFBC}") = "MyCADCore", "MyCADCore\MyCADCore.csproj", "{65F21621-44BF-4E0A-B3E2-AD3CF215418A}"
EndProject
Project("{FAE04EC0-301F-11D3-BF4B-00C04F79EFBC}") = "Utility", "Utility\Utility.csproj", "{E3E8855E-F88F-42B6-9F5F-BB02D8221353}"
EndProject
Project("{FAE04EC0-301F-11D3-BF4B-00C04F79EFBC}") = "MyLanguageManager", "MyLanguageManager\MyLanguageManager.csproj", "{04FCC0CE-27D3-4262-B609-D776490124EE}"
EndProject
Project("{FAE04EC0-301F-11D3-BF4B-00C04F79EFBC}") = "MyUIDisplayModel", "MyUIDisplayModel\MyUIDisplayModel.csproj", "{50C11367-5719-4246-A006-6998837AB54E}"
EndProject
Global
	GlobalSection(SolutionConfigurationPlatforms) = preSolution
		Debug|Any CPU = Debug|Any CPU
		Release|Any CPU = Release|Any CPU
	EndGlobalSection
	GlobalSection(ProjectConfigurationPlatforms) = postSolution
		{BFF7C63C-3306-49FC-A435-9F8AC0DE001E}.Debug|Any CPU.ActiveCfg = Debug|Any CPU
		{BFF7C63C-3306-49FC-A435-9F8AC0DE001E}.Debug|Any CPU.Build.0 = Debug|Any CPU
		{BFF7C63C-3306-49FC-A435-9F8AC0DE001E}.Release|Any CPU.ActiveCfg = Release|Any CPU
		{BFF7C63C-3306-49FC-A435-9F8AC0DE001E}.Release|Any CPU.Build.0 = Release|Any CPU
		{65F21621-44BF-4E0A-B3E2-AD3CF215418A}.Debug|Any CPU.ActiveCfg = Debug|Any CPU
		{65F21621-44BF-4E0A-B3E2-AD3CF215418A}.Debug|Any CPU.Build.0 = Debug|Any CPU
		{65F21621-44BF-4E0A-B3E2-AD3CF215418A}.Release|Any CPU.ActiveCfg = Release|Any CPU
		{65F21621-44BF-4E0A-B3E2-AD3CF215418A}.Release|Any CPU.Build.0 = Release|Any CPU
		{E3E8855E-F88F-42B6-9F5F-BB02D8221353}.Debug|Any CPU.ActiveCfg = Debug|Any CPU
		{E3E8855E-F88F-42B6-9F5F-BB02D8221353}.Debug|Any CPU.Build.0 = Debug|Any CPU
		{E3E8855E-F88F-42B6-9F5F-BB02D8221353}.Release|Any CPU.ActiveCfg = Release|Any CPU
		{E3E8855E-F88F-42B6-9F5F-BB02D8221353}.Release|Any CPU.Build.0 = Release|Any CPU
		{04FCC0CE-27D3-4262-B609-D776490124EE}.Debug|Any CPU.ActiveCfg = Debug|Any CPU
		{04FCC0CE-27D3-4262-B609-D776490124EE}.Debug|Any CPU.Build.0 = Debug|Any CPU
		{04FCC0CE-27D3-4262-B609-D776490124EE}.Release|Any CPU.ActiveCfg = Release|Any CPU
		{04FCC0CE-27D3-4262-B609-D776490124EE}.Release|Any CPU.Build.0 = Release|Any CPU
		{50C11367-5719-4246-A006-6998837AB54E}.Debug|Any CPU.ActiveCfg = Debug|Any CPU
		{50C11367-5719-4246-A006-6998837AB54E}.Debug|Any CPU.Build.0 = Debug|Any CPU
		{50C11367-5719-4246-A006-6998837AB54E}.Release|Any CPU.ActiveCfg = Release|Any CPU
		{50C11367-5719-4246-A006-6998837AB54E}.Release|Any CPU.Build.0 = Release|Any CPU
	EndGlobalSection
	GlobalSection(SolutionProperties) = preSolution
		HideSolutionNode = FALSE
	EndGlobalSection
	GlobalSection(ExtensibilityGlobals) = postSolution
		SolutionGuid = {14F65377-3612-4F27-A6A4-96F89DBB01C0}
	EndGlobalSection
EndGlobal
