
Microsoft Visual Studio Solution File, Format Version 12.00
# Visual Studio Version 17
VisualStudioVersion = 17.8.34601.278
MinimumVisualStudioVersion = 10.0.40219.1
Project("{FAE04EC0-301F-11D3-BF4B-00C04F79EFBC}") = "MyTubeCutting", "MyTubeCutting\MyTubeCutting.csproj", "{BFF7C63C-3306-49FC-A435-9F8AC0DE001E}"
EndProject
Project("{FAE04EC0-301F-11D3-BF4B-00C04F79EFBC}") = "MyCore", "MyCore\MyCore.csproj", "{65F21621-44BF-4E0A-B3E2-AD3CF215418A}"
EndProject
Global
	GlobalSection(SolutionConfigurationPlatforms) = preSolution
		Debug|Any CPU = Debug|Any CPU
		Release|Any CPU = Release|Any CPU
	EndGlobalSection
	GlobalSection(ProjectConfigurationPlatforms) = postSolution
		{BFF7C63C-3306-49FC-A435-9F8AC0DE001E}.Debug|Any CPU.ActiveCfg = Debug|Any CPU
		{BFF7C63C-3306-49FC-A435-9F8AC0DE001E}.Debug|Any CPU.Build.0 = Debug|Any CPU
		{BFF7C63C-3306-49FC-A435-9F8AC0DE001E}.Release|Any CPU.ActiveCfg = Release|Any CPU
		{BFF7C63C-3306-49FC-A435-9F8AC0DE001E}.Release|Any CPU.Build.0 = Release|Any CPU
		{65F21621-44BF-4E0A-B3E2-AD3CF215418A}.Debug|Any CPU.ActiveCfg = Debug|Any CPU
		{65F21621-44BF-4E0A-B3E2-AD3CF215418A}.Debug|Any CPU.Build.0 = Debug|Any CPU
		{65F21621-44BF-4E0A-B3E2-AD3CF215418A}.Release|Any CPU.ActiveCfg = Release|Any CPU
		{65F21621-44BF-4E0A-B3E2-AD3CF215418A}.Release|Any CPU.Build.0 = Release|Any CPU
	EndGlobalSection
	GlobalSection(SolutionProperties) = preSolution
		HideSolutionNode = FALSE
	EndGlobalSection
	GlobalSection(ExtensibilityGlobals) = postSolution
		SolutionGuid = {14F65377-3612-4F27-A6A4-96F89DBB01C0}
	EndGlobalSection
EndGlobal
